
Microsoft Visual Studio Solution File, Format Version 12.00
Project("{FAE04EC0-301F-11D3-BF4B-00C04F79EFBC}") = "blazor", "blazor\blazor.csproj", "{0390FA0C-36A9-4DE4-8DC1-1C4CC9163817}"
EndProject
Global
	GlobalSection(SolutionConfigurationPlatforms) = preSolution
		Debug|Any CPU = Debug|Any CPU
		Release|Any CPU = Release|Any CPU
	EndGlobalSection
	GlobalSection(ProjectConfigurationPlatforms) = postSolution
		{0390FA0C-36A9-4DE4-8DC1-1C4CC9163817}.Debug|Any CPU.ActiveCfg = Debug|Any CPU
		{0390FA0C-36A9-4DE4-8DC1-1C4CC9163817}.Debug|Any CPU.Build.0 = Debug|Any CPU
		{0390FA0C-36A9-4DE4-8DC1-1C4CC9163817}.Release|Any CPU.ActiveCfg = Release|Any CPU
		{0390FA0C-36A9-4DE4-8DC1-1C4CC9163817}.Release|Any CPU.Build.0 = Release|Any CPU
	EndGlobalSection
EndGlobal
